
Microsoft Visual Studio Solution File, Format Version 12.00
# Visual Studio 15
VisualStudioVersion = 15.0.27004.2010
MinimumVisualStudioVersion = 10.0.40219.1
Project("{FAE04EC0-301F-11D3-BF4B-00C04F79EFBC}") = "Worthog", "Worthog\Worthog.csproj", "{A1423840-7B8E-425E-892E-2DE2D4B38BBB}"
EndProject
Global
	GlobalSection(SolutionConfigurationPlatforms) = preSolution
		Debug|Any CPU = Debug|Any CPU
		Release|Any CPU = Release|Any CPU
	EndGlobalSection
	GlobalSection(ProjectConfigurationPlatforms) = postSolution
		{A1423840-7B8E-425E-892E-2DE2D4B38BBB}.Debug|Any CPU.ActiveCfg = Debug|Any CPU
		{A1423840-7B8E-425E-892E-2DE2D4B38BBB}.Debug|Any CPU.Build.0 = Debug|Any CPU
		{A1423840-7B8E-425E-892E-2DE2D4B38BBB}.Release|Any CPU.ActiveCfg = Release|Any CPU
		{A1423840-7B8E-425E-892E-2DE2D4B38BBB}.Release|Any CPU.Build.0 = Release|Any CPU
	EndGlobalSection
	GlobalSection(SolutionProperties) = preSolution
		HideSolutionNode = FALSE
	EndGlobalSection
	GlobalSection(ExtensibilityGlobals) = postSolution
		SolutionGuid = {D4C593A6-EDC1-480E-90A2-538D5DC46706}
	EndGlobalSection
EndGlobal
